<Solution>
  <Folder Name="/src/">
    <Project Path="src/ChatApp.Data/ChatApp.Data.csproj" />
    <Project Path="src/ChatApp.Server/ChatApp.Server.csproj" />
    <Project Path="src/ChatApp.Shared/ChatApp.Shared.csproj" />
  </Folder>
  <Folder Name="/tests/">
    <Project Path="tests/ChatApp.Tests/ChatApp.Tests.csproj" />
  </Folder>
</Solution>
